
Microsoft Visual Studio Solution File, Format Version 12.00
# Visual Studio Version 16
VisualStudioVersion = 16.0.31229.75
MinimumVisualStudioVersion = 10.0.40219.1
Project("{9A19103F-16F7-4668-BE54-9A1E7A4F7556}") = "2021-2c-Clase-3-MVC", "2021-2c-Clase-3-MVC\2021-2c-Clase-3-MVC.csproj", "{643A1A55-AE34-4F0B-B12F-DCD616C8C996}"
EndProject
Project("{9A19103F-16F7-4668-BE54-9A1E7A4F7556}") = "2021-2c-Clase-3-MVC.Servicios", "2021-2c-Clase-3-MVC.Servicios\2021-2c-Clase-3-MVC.Servicios.csproj", "{E91A2608-36C6-49D1-9FE9-128C934027AB}"
EndProject
Global
	GlobalSection(SolutionConfigurationPlatforms) = preSolution
		Debug|Any CPU = Debug|Any CPU
		Release|Any CPU = Release|Any CPU
	EndGlobalSection
	GlobalSection(ProjectConfigurationPlatforms) = postSolution
		{643A1A55-AE34-4F0B-B12F-DCD616C8C996}.Debug|Any CPU.ActiveCfg = Debug|Any CPU
		{643A1A55-AE34-4F0B-B12F-DCD616C8C996}.Debug|Any CPU.Build.0 = Debug|Any CPU
		{643A1A55-AE34-4F0B-B12F-DCD616C8C996}.Release|Any CPU.ActiveCfg = Release|Any CPU
		{643A1A55-AE34-4F0B-B12F-DCD616C8C996}.Release|Any CPU.Build.0 = Release|Any CPU
		{E91A2608-36C6-49D1-9FE9-128C934027AB}.Debug|Any CPU.ActiveCfg = Debug|Any CPU
		{E91A2608-36C6-49D1-9FE9-128C934027AB}.Debug|Any CPU.Build.0 = Debug|Any CPU
		{E91A2608-36C6-49D1-9FE9-128C934027AB}.Release|Any CPU.ActiveCfg = Release|Any CPU
		{E91A2608-36C6-49D1-9FE9-128C934027AB}.Release|Any CPU.Build.0 = Release|Any CPU
	EndGlobalSection
	GlobalSection(SolutionProperties) = preSolution
		HideSolutionNode = FALSE
	EndGlobalSection
	GlobalSection(ExtensibilityGlobals) = postSolution
		SolutionGuid = {A2A2B5B7-E824-4269-BCBC-DE5BA0BE8D30}
	EndGlobalSection
EndGlobal
